# THIS IS AN AUTOGENERATED FILE. DO NOT EDIT THIS FILE DIRECTLY.
# yarn lockfile v1


react-mde@10.0.0:
  version "10.0.0"
  resolved "https://registry.yarnpkg.com/react-mde/-/react-mde-10.0.0.tgz#f7edee2e09b959e347ba2603d7fbf92a8f26f20c"
  integrity sha512-jmG/BbqcQafRNn5GnEP1/ZPSdwxm1dYdy9x36uY9B2KfBrtnbXGhmEWxKuWJNo+hjgG4PosJe9VnCH+MKU7ELg==
